// !$*UTF8*$!
{
	archiveVersion = 1;
	classes = {
	};
	objectVersion = 52;
	objects = {

/* Begin PBXBuildFile section */
		55950011264896AA00B92A40 /* MusicVisualizerApp.swift in Sources */ = {isa = PBXBuildFile; fileRef = 55950010264896AA00B92A40 /* MusicVisualizerApp.swift */; };
		55950013264896AA00B92A40 /* ContentView.swift in Sources */ = {isa = PBXBuildFile; fileRef = 55950012264896AA00B92A40 /* ContentView.swift */; };
		55950015264896AC00B92A40 /* Assets.xcassets in Resources */ = {isa = PBXBuildFile; fileRef = 55950014264896AC00B92A40 /* Assets.xcassets */; };
		55950018264896AC00B92A40 /* Preview Assets.xcassets in Resources */ = {isa = PBXBuildFile; fileRef = 55950017264896AC00B92A40 /* Preview Assets.xcassets */; };
		55950023264896AC00B92A40 /* MusicVisualizerTests.swift in Sources */ = {isa = PBXBuildFile; fileRef = 55950022264896AC00B92A40 /* MusicVisualizerTests.swift */; };
		5595002E264896AC00B92A40 /* MusicVisualizerUITests.swift in Sources */ = {isa = PBXBuildFile; fileRef = 5595002D264896AC00B92A40 /* MusicVisualizerUITests.swift */; };
		5595003F2648970D00B92A40 /* FFTView.swift in Sources */ = {isa = PBXBuildFile; fileRef = 5595003E2648970D00B92A40 /* FFTView.swift */; };
		559500442648977100B92A40 /* Conductor.swift in Sources */ = {isa = PBXBuildFile; fileRef = 559500432648977100B92A40 /* Conductor.swift */; };
		5595004D2648986C00B92A40 /* AudioKit in Frameworks */ = {isa = PBXBuildFile; productRef = 5595004C2648986C00B92A40 /* AudioKit */; };
/* End PBXBuildFile section */

/* Begin PBXContainerItemProxy section */
		5595001F264896AC00B92A40 /* PBXContainerItemProxy */ = {
			isa = PBXContainerItemProxy;
			containerPortal = 55950005264896AA00B92A40 /* Project object */;
			proxyType = 1;
			remoteGlobalIDString = 5595000C264896AA00B92A40;
			remoteInfo = MusicVisualizer;
		};
		5595002A264896AC00B92A40 /* PBXContainerItemProxy */ = {
			isa = PBXContainerItemProxy;
			containerPortal = 55950005264896AA00B92A40 /* Project object */;
			proxyType = 1;
			remoteGlobalIDString = 5595000C264896AA00B92A40;
			remoteInfo = MusicVisualizer;
		};
/* End PBXContainerItemProxy section */

/* Begin PBXFileReference section */
		5595000D264896AA00B92A40 /* MusicVisualizer.app */ = {isa = PBXFileReference; explicitFileType = wrapper.application; includeInIndex = 0; path = MusicVisualizer.app; sourceTree = BUILT_PRODUCTS_DIR; };
		55950010264896AA00B92A40 /* MusicVisualizerApp.swift */ = {isa = PBXFileReference; lastKnownFileType = sourcecode.swift; path = MusicVisualizerApp.swift; sourceTree = "<group>"; };
		55950012264896AA00B92A40 /* ContentView.swift */ = {isa = PBXFileReference; lastKnownFileType = sourcecode.swift; path = ContentView.swift; sourceTree = "<group>"; };
		55950014264896AC00B92A40 /* Assets.xcassets */ = {isa = PBXFileReference; lastKnownFileType = folder.assetcatalog; path = Assets.xcassets; sourceTree = "<group>"; };
		55950017264896AC00B92A40 /* Preview Assets.xcassets */ = {isa = PBXFileReference; lastKnownFileType = folder.assetcatalog; path = "Preview Assets.xcassets"; sourceTree = "<group>"; };
		55950019264896AC00B92A40 /* Info.plist */ = {isa = PBXFileReference; lastKnownFileType = text.plist.xml; path = Info.plist; sourceTree = "<group>"; };
		5595001E264896AC00B92A40 /* MusicVisualizerTests.xctest */ = {isa = PBXFileReference; explicitFileType = wrapper.cfbundle; includeInIndex = 0; path = MusicVisualizerTests.xctest; sourceTree = BUILT_PRODUCTS_DIR; };
		55950022264896AC00B92A40 /* MusicVisualizerTests.swift */ = {isa = PBXFileReference; lastKnownFileType = sourcecode.swift; path = MusicVisualizerTests.swift; sourceTree = "<group>"; };
		55950024264896AC00B92A40 /* Info.plist */ = {isa = PBXFileReference; lastKnownFileType = text.plist.xml; path = Info.plist; sourceTree = "<group>"; };
		55950029264896AC00B92A40 /* MusicVisualizerUITests.xctest */ = {isa = PBXFileReference; explicitFileType = wrapper.cfbundle; includeInIndex = 0; path = MusicVisualizerUITests.xctest; sourceTree = BUILT_PRODUCTS_DIR; };
		5595002D264896AC00B92A40 /* MusicVisualizerUITests.swift */ = {isa = PBXFileReference; lastKnownFileType = sourcecode.swift; path = MusicVisualizerUITests.swift; sourceTree = "<group>"; };
		5595002F264896AC00B92A40 /* Info.plist */ = {isa = PBXFileReference; lastKnownFileType = text.plist.xml; path = Info.plist; sourceTree = "<group>"; };
		5595003E2648970D00B92A40 /* FFTView.swift */ = {isa = PBXFileReference; lastKnownFileType = sourcecode.swift; path = FFTView.swift; sourceTree = "<group>"; };
		559500432648977100B92A40 /* Conductor.swift */ = {isa = PBXFileReference; lastKnownFileType = sourcecode.swift; path = Conductor.swift; sourceTree = "<group>"; };
/* End PBXFileReference section */

/* Begin PBXFrameworksBuildPhase section */
		5595000A264896AA00B92A40 /* Frameworks */ = {
			isa = PBXFrameworksBuildPhase;
			buildActionMask = 2147483647;
			files = (
				5595004D2648986C00B92A40 /* AudioKit in Frameworks */,
			);
			runOnlyForDeploymentPostprocessing = 0;
		};
		5595001B264896AC00B92A40 /* Frameworks */ = {
			isa = PBXFrameworksBuildPhase;
			buildActionMask = 2147483647;
			files = (
			);
			runOnlyForDeploymentPostprocessing = 0;
		};
		55950026264896AC00B92A40 /* Frameworks */ = {
			isa = PBXFrameworksBuildPhase;
			buildActionMask = 2147483647;
			files = (
			);
			runOnlyForDeploymentPostprocessing = 0;
		};
/* End PBXFrameworksBuildPhase section */

/* Begin PBXGroup section */
		55950004264896AA00B92A40 = {
			isa = PBXGroup;
			children = (
				5595000F264896AA00B92A40 /* MusicVisualizer */,
				55950021264896AC00B92A40 /* MusicVisualizerTests */,
				5595002C264896AC00B92A40 /* MusicVisualizerUITests */,
				5595000E264896AA00B92A40 /* Products */,
			);
			sourceTree = "<group>";
		};
		5595000E264896AA00B92A40 /* Products */ = {
			isa = PBXGroup;
			children = (
				5595000D264896AA00B92A40 /* MusicVisualizer.app */,
				5595001E264896AC00B92A40 /* MusicVisualizerTests.xctest */,
				55950029264896AC00B92A40 /* MusicVisualizerUITests.xctest */,
			);
			name = Products;
			sourceTree = "<group>";
		};
		5595000F264896AA00B92A40 /* MusicVisualizer */ = {
			isa = PBXGroup;
			children = (
				55950010264896AA00B92A40 /* MusicVisualizerApp.swift */,
				55950012264896AA00B92A40 /* ContentView.swift */,
				5595003E2648970D00B92A40 /* FFTView.swift */,
				559500432648977100B92A40 /* Conductor.swift */,
				55950014264896AC00B92A40 /* Assets.xcassets */,
				55950019264896AC00B92A40 /* Info.plist */,
				55950016264896AC00B92A40 /* Preview Content */,
			);
			path = MusicVisualizer;
			sourceTree = "<group>";
		};
		55950016264896AC00B92A40 /* Preview Content */ = {
			isa = PBXGroup;
			children = (
				55950017264896AC00B92A40 /* Preview Assets.xcassets */,
			);
			path = "Preview Content";
			sourceTree = "<group>";
		};
		55950021264896AC00B92A40 /* MusicVisualizerTests */ = {
			isa = PBXGroup;
			children = (
				55950022264896AC00B92A40 /* MusicVisualizerTests.swift */,
				55950024264896AC00B92A40 /* Info.plist */,
			);
			path = MusicVisualizerTests;
			sourceTree = "<group>";
		};
		5595002C264896AC00B92A40 /* MusicVisualizerUITests */ = {
			isa = PBXGroup;
			children = (
				5595002D264896AC00B92A40 /* MusicVisualizerUITests.swift */,
				5595002F264896AC00B92A40 /* Info.plist */,
			);
			path = MusicVisualizerUITests;
			sourceTree = "<group>";
		};
/* End PBXGroup section */

/* Begin PBXNativeTarget section */
		5595000C264896AA00B92A40 /* MusicVisualizer */ = {
			isa = PBXNativeTarget;
			buildConfigurationList = 55950032264896AC00B92A40 /* Build configuration list for PBXNativeTarget "MusicVisualizer" */;
			buildPhases = (
				55950009264896AA00B92A40 /* Sources */,
				5595000A264896AA00B92A40 /* Frameworks */,
				5595000B264896AA00B92A40 /* Resources */,
			);
			buildRules = (
			);
			dependencies = (
			);
			name = MusicVisualizer;
			packageProductDependencies = (
				5595004C2648986C00B92A40 /* AudioKit */,
			);
			productName = MusicVisualizer;
			productReference = 5595000D264896AA00B92A40 /* MusicVisualizer.app */;
			productType = "com.apple.product-type.application";
		};
		5595001D264896AC00B92A40 /* MusicVisualizerTests */ = {
			isa = PBXNativeTarget;
			buildConfigurationList = 55950035264896AC00B92A40 /* Build configuration list for PBXNativeTarget "MusicVisualizerTests" */;
			buildPhases = (
				5595001A264896AC00B92A40 /* Sources */,
				5595001B264896AC00B92A40 /* Frameworks */,
				5595001C264896AC00B92A40 /* Resources */,
			);
			buildRules = (
			);
			dependencies = (
				55950020264896AC00B92A40 /* PBXTargetDependency */,
			);
			name = MusicVisualizerTests;
			productName = MusicVisualizerTests;
			productReference = 5595001E264896AC00B92A40 /* MusicVisualizerTests.xctest */;
			productType = "com.apple.product-type.bundle.unit-test";
		};
		55950028264896AC00B92A40 /* MusicVisualizerUITests */ = {
			isa = PBXNativeTarget;
			buildConfigurationList = 55950038264896AC00B92A40 /* Build configuration list for PBXNativeTarget "MusicVisualizerUITests" */;
			buildPhases = (
				55950025264896AC00B92A40 /* Sources */,
				55950026264896AC00B92A40 /* Frameworks */,
				55950027264896AC00B92A40 /* Resources */,
			);
			buildRules = (
			);
			dependencies = (
				5595002B264896AC00B92A40 /* PBXTargetDependency */,
			);
			name = MusicVisualizerUITests;
			productName = MusicVisualizerUITests;
			productReference = 55950029264896AC00B92A40 /* MusicVisualizerUITests.xctest */;
			productType = "com.apple.product-type.bundle.ui-testing";
		};
/* End PBXNativeTarget section */

/* Begin PBXProject section */
		55950005264896AA00B92A40 /* Project object */ = {
			isa = PBXProject;
			attributes = {
				LastSwiftUpdateCheck = 1240;
				LastUpgradeCheck = 1240;
				TargetAttributes = {
					5595000C264896AA00B92A40 = {
						CreatedOnToolsVersion = 12.4;
					};
					5595001D264896AC00B92A40 = {
						CreatedOnToolsVersion = 12.4;
						TestTargetID = 5595000C264896AA00B92A40;
					};
					55950028264896AC00B92A40 = {
						CreatedOnToolsVersion = 12.4;
						TestTargetID = 5595000C264896AA00B92A40;
					};
				};
			};
			buildConfigurationList = 55950008264896AA00B92A40 /* Build configuration list for PBXProject "MusicVisualizer" */;
			compatibilityVersion = "Xcode 9.3";
			developmentRegion = en;
			hasScannedForEncodings = 0;
			knownRegions = (
				en,
				Base,
			);
			mainGroup = 55950004264896AA00B92A40;
			packageReferences = (
				5595004B2648986C00B92A40 /* XCRemoteSwiftPackageReference "AudioKit" */,
			);
			productRefGroup = 5595000E264896AA00B92A40 /* Products */;
			projectDirPath = "";
			projectRoot = "";
			targets = (
				5595000C264896AA00B92A40 /* MusicVisualizer */,
				5595001D264896AC00B92A40 /* MusicVisualizerTests */,
				55950028264896AC00B92A40 /* MusicVisualizerUITests */,
			);
		};
/* End PBXProject section */

/* Begin PBXResourcesBuildPhase section */
		5595000B264896AA00B92A40 /* Resources */ = {
			isa = PBXResourcesBuildPhase;
			buildActionMask = 2147483647;
			files = (
				55950018264896AC00B92A40 /* Preview Assets.xcassets in Resources */,
				55950015264896AC00B92A40 /* Assets.xcassets in Resources */,
			);
			runOnlyForDeploymentPostprocessing = 0;
		};
		5595001C264896AC00B92A40 /* Resources */ = {
			isa = PBXResourcesBuildPhase;
			buildActionMask = 2147483647;
			files = (
			);
			runOnlyForDeploymentPostprocessing = 0;
		};
		55950027264896AC00B92A40 /* Resources */ = {
			isa = PBXResourcesBuildPhase;
			buildActionMask = 2147483647;
			files = (
			);
			runOnlyForDeploymentPostprocessing = 0;
		};
/* End PBXResourcesBuildPhase section */

/* Begin PBXSourcesBuildPhase section */
		55950009264896AA00B92A40 /* Sources */ = {
			isa = PBXSourcesBuildPhase;
			buildActionMask = 2147483647;
			files = (
				5595003F2648970D00B92A40 /* FFTView.swift in Sources */,
				55950013264896AA00B92A40 /* ContentView.swift in Sources */,
				55950011264896AA00B92A40 /* MusicVisualizerApp.swift in Sources */,
				559500442648977100B92A40 /* Conductor.swift in Sources */,
			);
			runOnlyForDeploymentPostprocessing = 0;
		};
		5595001A264896AC00B92A40 /* Sources */ = {
			isa = PBXSourcesBuildPhase;
			buildActionMask = 2147483647;
			files = (
				55950023264896AC00B92A40 /* MusicVisualizerTests.swift in Sources */,
			);
			runOnlyForDeploymentPostprocessing = 0;
		};
		55950025264896AC00B92A40 /* Sources */ = {
			isa = PBXSourcesBuildPhase;
			buildActionMask = 2147483647;
			files = (
				5595002E264896AC00B92A40 /* MusicVisualizerUITests.swift in Sources */,
			);
			runOnlyForDeploymentPostprocessing = 0;
		};
/* End PBXSourcesBuildPhase section */

/* Begin PBXTargetDependency section */
		55950020264896AC00B92A40 /* PBXTargetDependency */ = {
			isa = PBXTargetDependency;
			target = 5595000C264896AA00B92A40 /* MusicVisualizer */;
			targetProxy = 5595001F264896AC00B92A40 /* PBXContainerItemProxy */;
		};
		5595002B264896AC00B92A40 /* PBXTargetDependency */ = {
			isa = PBXTargetDependency;
			target = 5595000C264896AA00B92A40 /* MusicVisualizer */;
			targetProxy = 5595002A264896AC00B92A40 /* PBXContainerItemProxy */;
		};
/* End PBXTargetDependency section */

/* Begin XCBuildConfiguration section */
		55950030264896AC00B92A40 /* Debug */ = {
			isa = XCBuildConfiguration;
			buildSettings = {
				ALWAYS_SEARCH_USER_PATHS = NO;
				CLANG_ANALYZER_NONNULL = YES;
				CLANG_ANALYZER_NUMBER_OBJECT_CONVERSION = YES_AGGRESSIVE;
				CLANG_CXX_LANGUAGE_STANDARD = "gnu++14";
				CLANG_CXX_LIBRARY = "libc++";
				CLANG_ENABLE_MODULES = YES;
				CLANG_ENABLE_OBJC_ARC = YES;
				CLANG_ENABLE_OBJC_WEAK = YES;
				CLANG_WARN_BLOCK_CAPTURE_AUTORELEASING = YES;
				CLANG_WARN_BOOL_CONVERSION = YES;
				CLANG_WARN_COMMA = YES;
				CLANG_WARN_CONSTANT_CONVERSION = YES;
				CLANG_WARN_DEPRECATED_OBJC_IMPLEMENTATIONS = YES;
				CLANG_WARN_DIRECT_OBJC_ISA_USAGE = YES_ERROR;
				CLANG_WARN_DOCUMENTATION_COMMENTS = YES;
				CLANG_WARN_EMPTY_BODY = YES;
				CLANG_WARN_ENUM_CONVERSION = YES;
				CLANG_WARN_INFINITE_RECURSION = YES;
				CLANG_WARN_INT_CONVERSION = YES;
				CLANG_WARN_NON_LITERAL_NULL_CONVERSION = YES;
				CLANG_WARN_OBJC_IMPLICIT_RETAIN_SELF = YES;
				CLANG_WARN_OBJC_LITERAL_CONVERSION = YES;
				CLANG_WARN_OBJC_ROOT_CLASS = YES_ERROR;
				CLANG_WARN_QUOTED_INCLUDE_IN_FRAMEWORK_HEADER = YES;
				CLANG_WARN_RANGE_LOOP_ANALYSIS = YES;
				CLANG_WARN_STRICT_PROTOTYPES = YES;
				CLANG_WARN_SUSPICIOUS_MOVE = YES;
				CLANG_WARN_UNGUARDED_AVAILABILITY = YES_AGGRESSIVE;
				CLANG_WARN_UNREACHABLE_CODE = YES;
				CLANG_WARN__DUPLICATE_METHOD_MATCH = YES;
				COPY_PHASE_STRIP = NO;
				DEBUG_INFORMATION_FORMAT = dwarf;
				ENABLE_STRICT_OBJC_MSGSEND = YES;
				ENABLE_TESTABILITY = YES;
				GCC_C_LANGUAGE_STANDARD = gnu11;
				GCC_DYNAMIC_NO_PIC = NO;
				GCC_NO_COMMON_BLOCKS = YES;
				GCC_OPTIMIZATION_LEVEL = 0;
				GCC_PREPROCESSOR_DEFINITIONS = (
					"DEBUG=1",
					"$(inherited)",
				);
				GCC_WARN_64_TO_32_BIT_CONVERSION = YES;
				GCC_WARN_ABOUT_RETURN_TYPE = YES_ERROR;
				GCC_WARN_UNDECLARED_SELECTOR = YES;
				GCC_WARN_UNINITIALIZED_AUTOS = YES_AGGRESSIVE;
				GCC_WARN_UNUSED_FUNCTION = YES;
				GCC_WARN_UNUSED_VARIABLE = YES;
				IPHONEOS_DEPLOYMENT_TARGET = 14.4;
				MTL_ENABLE_DEBUG_INFO = INCLUDE_SOURCE;
				MTL_FAST_MATH = YES;
				ONLY_ACTIVE_ARCH = YES;
				SDKROOT = iphoneos;
				SWIFT_ACTIVE_COMPILATION_CONDITIONS = DEBUG;
				SWIFT_OPTIMIZATION_LEVEL = "-Onone";
			};
			name = Debug;
		};
		55950031264896AC00B92A40 /* Release */ = {
			isa = XCBuildConfiguration;
			buildSettings = {
				ALWAYS_SEARCH_USER_PATHS = NO;
				CLANG_ANALYZER_NONNULL = YES;
				CLANG_ANALYZER_NUMBER_OBJECT_CONVERSION = YES_AGGRESSIVE;
				CLANG_CXX_LANGUAGE_STANDARD = "gnu++14";
				CLANG_CXX_LIBRARY = "libc++";
				CLANG_ENABLE_MODULES = YES;
				CLANG_ENABLE_OBJC_ARC = YES;
				CLANG_ENABLE_OBJC_WEAK = YES;
				CLANG_WARN_BLOCK_CAPTURE_AUTORELEASING = YES;
				CLANG_WARN_BOOL_CONVERSION = YES;
				CLANG_WARN_COMMA = YES;
				CLANG_WARN_CONSTANT_CONVERSION = YES;
				CLANG_WARN_DEPRECATED_OBJC_IMPLEMENTATIONS = YES;
				CLANG_WARN_DIRECT_OBJC_ISA_USAGE = YES_ERROR;
				CLANG_WARN_DOCUMENTATION_COMMENTS = YES;
				CLANG_WARN_EMPTY_BODY = YES;
				CLANG_WARN_ENUM_CONVERSION = YES;
				CLANG_WARN_INFINITE_RECURSION = YES;
				CLANG_WARN_INT_CONVERSION = YES;
				CLANG_WARN_NON_LITERAL_NULL_CONVERSION = YES;
				CLANG_WARN_OBJC_IMPLICIT_RETAIN_SELF = YES;
				CLANG_WARN_OBJC_LITERAL_CONVERSION = YES;
				CLANG_WARN_OBJC_ROOT_CLASS = YES_ERROR;
				CLANG_WARN_QUOTED_INCLUDE_IN_FRAMEWORK_HEADER = YES;
				CLANG_WARN_RANGE_LOOP_ANALYSIS = YES;
				CLANG_WARN_STRICT_PROTOTYPES = YES;
				CLANG_WARN_SUSPICIOUS_MOVE = YES;
				CLANG_WARN_UNGUARDED_AVAILABILITY = YES_AGGRESSIVE;
				CLANG_WARN_UNREACHABLE_CODE = YES;
				CLANG_WARN__DUPLICATE_METHOD_MATCH = YES;
				COPY_PHASE_STRIP = NO;
				DEBUG_INFORMATION_FORMAT = "dwarf-with-dsym";
				ENABLE_NS_ASSERTIONS = NO;
				ENABLE_STRICT_OBJC_MSGSEND = YES;
				GCC_C_LANGUAGE_STANDARD = gnu11;
				GCC_NO_COMMON_BLOCKS = YES;
				GCC_WARN_64_TO_32_BIT_CONVERSION = YES;
				GCC_WARN_ABOUT_RETURN_TYPE = YES_ERROR;
				GCC_WARN_UNDECLARED_SELECTOR = YES;
				GCC_WARN_UNINITIALIZED_AUTOS = YES_AGGRESSIVE;
				GCC_WARN_UNUSED_FUNCTION = YES;
				GCC_WARN_UNUSED_VARIABLE = YES;
				IPHONEOS_DEPLOYMENT_TARGET = 14.4;
				MTL_ENABLE_DEBUG_INFO = NO;
				MTL_FAST_MATH = YES;
				SDKROOT = iphoneos;
				SWIFT_COMPILATION_MODE = wholemodule;
				SWIFT_OPTIMIZATION_LEVEL = "-O";
				VALIDATE_PRODUCT = YES;
			};
			name = Release;
		};
		55950033264896AC00B92A40 /* Debug */ = {
			isa = XCBuildConfiguration;
			buildSettings = {
				ASSETCATALOG_COMPILER_APPICON_NAME = AppIcon;
				ASSETCATALOG_COMPILER_GLOBAL_ACCENT_COLOR_NAME = AccentColor;
				CODE_SIGN_STYLE = Automatic;
				DEVELOPMENT_ASSET_PATHS = "\"MusicVisualizer/Preview Content\"";
				DEVELOPMENT_TEAM = ZQDX4YCFQD;
				ENABLE_PREVIEWS = YES;
				INFOPLIST_FILE = MusicVisualizer/Info.plist;
				IPHONEOS_DEPLOYMENT_TARGET = 14.0;
				LD_RUNPATH_SEARCH_PATHS = (
					"$(inherited)",
					"@executable_path/Frameworks",
				);
				PRODUCT_BUNDLE_IDENTIFIER = edu.illinois.hraj2.MusicVisualizer;
				PRODUCT_NAME = "$(TARGET_NAME)";
				SWIFT_VERSION = 5.0;
				TARGETED_DEVICE_FAMILY = "1,2";
			};
			name = Debug;
		};
		55950034264896AC00B92A40 /* Release */ = {
			isa = XCBuildConfiguration;
			buildSettings = {
				ASSETCATALOG_COMPILER_APPICON_NAME = AppIcon;
				ASSETCATALOG_COMPILER_GLOBAL_ACCENT_COLOR_NAME = AccentColor;
				CODE_SIGN_STYLE = Automatic;
				DEVELOPMENT_ASSET_PATHS = "\"MusicVisualizer/Preview Content\"";
				DEVELOPMENT_TEAM = ZQDX4YCFQD;
				ENABLE_PREVIEWS = YES;
				INFOPLIST_FILE = MusicVisualizer/Info.plist;
				IPHONEOS_DEPLOYMENT_TARGET = 14.0;
				LD_RUNPATH_SEARCH_PATHS = (
					"$(inherited)",
					"@executable_path/Frameworks",
				);
				PRODUCT_BUNDLE_IDENTIFIER = edu.illinois.hraj2.MusicVisualizer;
				PRODUCT_NAME = "$(TARGET_NAME)";
				SWIFT_VERSION = 5.0;
				TARGETED_DEVICE_FAMILY = "1,2";
			};
			name = Release;
		};
		55950036264896AC00B92A40 /* Debug */ = {
			isa = XCBuildConfiguration;
			buildSettings = {
				ALWAYS_EMBED_SWIFT_STANDARD_LIBRARIES = YES;
				BUNDLE_LOADER = "$(TEST_HOST)";
				CODE_SIGN_STYLE = Automatic;
				DEVELOPMENT_TEAM = ZQDX4YCFQD;
				INFOPLIST_FILE = MusicVisualizerTests/Info.plist;
				IPHONEOS_DEPLOYMENT_TARGET = 14.0;
				LD_RUNPATH_SEARCH_PATHS = (
					"$(inherited)",
					"@executable_path/Frameworks",
					"@loader_path/Frameworks",
				);
				PRODUCT_BUNDLE_IDENTIFIER = edu.illinois.hraj2.MusicVisualizerTests;
				PRODUCT_NAME = "$(TARGET_NAME)";
				SWIFT_VERSION = 5.0;
				TARGETED_DEVICE_FAMILY = "1,2";
				TEST_HOST = "$(BUILT_PRODUCTS_DIR)/MusicVisualizer.app/MusicVisualizer";
			};
			name = Debug;
		};
		55950037264896AC00B92A40 /* Release */ = {
			isa = XCBuildConfiguration;
			buildSettings = {
				ALWAYS_EMBED_SWIFT_STANDARD_LIBRARIES = YES;
				BUNDLE_LOADER = "$(TEST_HOST)";
				CODE_SIGN_STYLE = Automatic;
				DEVELOPMENT_TEAM = ZQDX4YCFQD;
				INFOPLIST_FILE = MusicVisualizerTests/Info.plist;
				IPHONEOS_DEPLOYMENT_TARGET = 14.0;
				LD_RUNPATH_SEARCH_PATHS = (
					"$(inherited)",
					"@executable_path/Frameworks",
					"@loader_path/Frameworks",
				);
				PRODUCT_BUNDLE_IDENTIFIER = edu.illinois.hraj2.MusicVisualizerTests;
				PRODUCT_NAME = "$(TARGET_NAME)";
				SWIFT_VERSION = 5.0;
				TARGETED_DEVICE_FAMILY = "1,2";
				TEST_HOST = "$(BUILT_PRODUCTS_DIR)/MusicVisualizer.app/MusicVisualizer";
			};
			name = Release;
		};
		55950039264896AC00B92A40 /* Debug */ = {
			isa = XCBuildConfiguration;
			buildSettings = {
				ALWAYS_EMBED_SWIFT_STANDARD_LIBRARIES = YES;
				CODE_SIGN_STYLE = Automatic;
				DEVELOPMENT_TEAM = ZQDX4YCFQD;
				INFOPLIST_FILE = MusicVisualizerUITests/Info.plist;
				LD_RUNPATH_SEARCH_PATHS = (
					"$(inherited)",
					"@executable_path/Frameworks",
					"@loader_path/Frameworks",
				);
				PRODUCT_BUNDLE_IDENTIFIER = edu.illinois.hraj2.MusicVisualizerUITests;
				PRODUCT_NAME = "$(TARGET_NAME)";
				SWIFT_VERSION = 5.0;
				TARGETED_DEVICE_FAMILY = "1,2";
				TEST_TARGET_NAME = MusicVisualizer;
			};
			name = Debug;
		};
		5595003A264896AC00B92A40 /* Release */ = {
			isa = XCBuildConfiguration;
			buildSettings = {
				ALWAYS_EMBED_SWIFT_STANDARD_LIBRARIES = YES;
				CODE_SIGN_STYLE = Automatic;
				DEVELOPMENT_TEAM = ZQDX4YCFQD;
				INFOPLIST_FILE = MusicVisualizerUITests/Info.plist;
				LD_RUNPATH_SEARCH_PATHS = (
					"$(inherited)",
					"@executable_path/Frameworks",
					"@loader_path/Frameworks",
				);
				PRODUCT_BUNDLE_IDENTIFIER = edu.illinois.hraj2.MusicVisualizerUITests;
				PRODUCT_NAME = "$(TARGET_NAME)";
				SWIFT_VERSION = 5.0;
				TARGETED_DEVICE_FAMILY = "1,2";
				TEST_TARGET_NAME = MusicVisualizer;
			};
			name = Release;
		};
/* End XCBuildConfiguration section */

/* Begin XCConfigurationList section */
		55950008264896AA00B92A40 /* Build configuration list for PBXProject "MusicVisualizer" */ = {
			isa = XCConfigurationList;
			buildConfigurations = (
				55950030264896AC00B92A40 /* Debug */,
				55950031264896AC00B92A40 /* Release */,
			);
			defaultConfigurationIsVisible = 0;
			defaultConfigurationName = Release;
		};
		55950032264896AC00B92A40 /* Build configuration list for PBXNativeTarget "MusicVisualizer" */ = {
			isa = XCConfigurationList;
			buildConfigurations = (
				55950033264896AC00B92A40 /* Debug */,
				55950034264896AC00B92A40 /* Release */,
			);
			defaultConfigurationIsVisible = 0;
			defaultConfigurationName = Release;
		};
		55950035264896AC00B92A40 /* Build configuration list for PBXNativeTarget "MusicVisualizerTests" */ = {
			isa = XCConfigurationList;
			buildConfigurations = (
				55950036264896AC00B92A40 /* Debug */,
				55950037264896AC00B92A40 /* Release */,
			);
			defaultConfigurationIsVisible = 0;
			defaultConfigurationName = Release;
		};
		55950038264896AC00B92A40 /* Build configuration list for PBXNativeTarget "MusicVisualizerUITests" */ = {
			isa = XCConfigurationList;
			buildConfigurations = (
				55950039264896AC00B92A40 /* Debug */,
				5595003A264896AC00B92A40 /* Release */,
			);
			defaultConfigurationIsVisible = 0;
			defaultConfigurationName = Release;
		};
/* End XCConfigurationList section */

/* Begin XCRemoteSwiftPackageReference section */
		5595004B2648986C00B92A40 /* XCRemoteSwiftPackageReference "AudioKit" */ = {
			isa = XCRemoteSwiftPackageReference;
			repositoryURL = "https://github.com/AudioKit/AudioKit";
			requirement = {
				branch = main;
				kind = branch;
			};
		};
/* End XCRemoteSwiftPackageReference section */

/* Begin XCSwiftPackageProductDependency section */
		5595004C2648986C00B92A40 /* AudioKit */ = {
			isa = XCSwiftPackageProductDependency;
			package = 5595004B2648986C00B92A40 /* XCRemoteSwiftPackageReference "AudioKit" */;
			productName = AudioKit;
		};
/* End XCSwiftPackageProductDependency section */
	};
	rootObject = 55950005264896AA00B92A40 /* Project object */;
}
